
Microsoft Visual Studio Solution File, Format Version 12.00
# Visual Studio Version 17
VisualStudioVersion = 17.7.34009.444
MinimumVisualStudioVersion = 10.0.40219.1
Project("{FAE04EC0-301F-11D3-BF4B-00C04F79EFBC}") = "MachineRepairService", "MachineRepairService\MachineRepairService.csproj", "{CD6DC59E-657B-43B4-BF9B-5F77F78B6497}"
EndProject
Global
	GlobalSection(SolutionConfigurationPlatforms) = preSolution
		Debug|Any CPU = Debug|Any CPU
		Release|Any CPU = Release|Any CPU
	EndGlobalSection
	GlobalSection(ProjectConfigurationPlatforms) = postSolution
		{CD6DC59E-657B-43B4-BF9B-5F77F78B6497}.Debug|Any CPU.ActiveCfg = Debug|Any CPU
		{CD6DC59E-657B-43B4-BF9B-5F77F78B6497}.Debug|Any CPU.Build.0 = Debug|Any CPU
		{CD6DC59E-657B-43B4-BF9B-5F77F78B6497}.Release|Any CPU.ActiveCfg = Release|Any CPU
		{CD6DC59E-657B-43B4-BF9B-5F77F78B6497}.Release|Any CPU.Build.0 = Release|Any CPU
	EndGlobalSection
	GlobalSection(SolutionProperties) = preSolution
		HideSolutionNode = FALSE
	EndGlobalSection
	GlobalSection(ExtensibilityGlobals) = postSolution
		SolutionGuid = {47E6F028-31D7-463B-A3E8-FA3C4053802A}
	EndGlobalSection
EndGlobal
